
Microsoft Visual Studio Solution File, Format Version 12.00
# Visual Studio 15
VisualStudioVersion = 15.0.28307.1525
MinimumVisualStudioVersion = 10.0.40219.1
Project("{FAE04EC0-301F-11D3-BF4B-00C04F79EFBC}") = "eSyaNursingStation.IF", "eSyaNursingStation.IF\eSyaNursingStation.IF.csproj", "{22393218-0C42-4496-9DE5-C5DE0B117017}"
EndProject
Global
	GlobalSection(SolutionConfigurationPlatforms) = preSolution
		Debug|Any CPU = Debug|Any CPU
		Release|Any CPU = Release|Any CPU
	EndGlobalSection
	GlobalSection(ProjectConfigurationPlatforms) = postSolution
		{22393218-0C42-4496-9DE5-C5DE0B117017}.Debug|Any CPU.ActiveCfg = Debug|Any CPU
		{22393218-0C42-4496-9DE5-C5DE0B117017}.Debug|Any CPU.Build.0 = Debug|Any CPU
		{22393218-0C42-4496-9DE5-C5DE0B117017}.Release|Any CPU.ActiveCfg = Release|Any CPU
		{22393218-0C42-4496-9DE5-C5DE0B117017}.Release|Any CPU.Build.0 = Release|Any CPU
	EndGlobalSection
	GlobalSection(SolutionProperties) = preSolution
		HideSolutionNode = FALSE
	EndGlobalSection
	GlobalSection(ExtensibilityGlobals) = postSolution
		SolutionGuid = {7389AF80-7E62-4D71-B424-298FA1215831}
	EndGlobalSection
EndGlobal
